
Microsoft Visual Studio Solution File, Format Version 12.00
# Visual Studio Version 16
VisualStudioVersion = 16.0.31313.79
MinimumVisualStudioVersion = 10.0.40219.1
Project("{FAE04EC0-301F-11D3-BF4B-00C04F79EFBC}") = "Calculation", "Calculation\Calculation.csproj", "{085991E5-C237-4AF6-AB68-F4534901C33F}"
EndProject
Project("{FAE04EC0-301F-11D3-BF4B-00C04F79EFBC}") = "Calculation.Test", "Calculation.Test\Calculation.Test.csproj", "{51AF1152-AE15-4626-A262-45052F2718FB}"
EndProject
Global
	GlobalSection(SolutionConfigurationPlatforms) = preSolution
		Debug|Any CPU = Debug|Any CPU
		Release|Any CPU = Release|Any CPU
	EndGlobalSection
	GlobalSection(ProjectConfigurationPlatforms) = postSolution
		{085991E5-C237-4AF6-AB68-F4534901C33F}.Debug|Any CPU.ActiveCfg = Debug|Any CPU
		{085991E5-C237-4AF6-AB68-F4534901C33F}.Debug|Any CPU.Build.0 = Debug|Any CPU
		{085991E5-C237-4AF6-AB68-F4534901C33F}.Release|Any CPU.ActiveCfg = Release|Any CPU
		{085991E5-C237-4AF6-AB68-F4534901C33F}.Release|Any CPU.Build.0 = Release|Any CPU
		{51AF1152-AE15-4626-A262-45052F2718FB}.Debug|Any CPU.ActiveCfg = Debug|Any CPU
		{51AF1152-AE15-4626-A262-45052F2718FB}.Debug|Any CPU.Build.0 = Debug|Any CPU
		{51AF1152-AE15-4626-A262-45052F2718FB}.Release|Any CPU.ActiveCfg = Release|Any CPU
		{51AF1152-AE15-4626-A262-45052F2718FB}.Release|Any CPU.Build.0 = Release|Any CPU
	EndGlobalSection
	GlobalSection(SolutionProperties) = preSolution
		HideSolutionNode = FALSE
	EndGlobalSection
	GlobalSection(ExtensibilityGlobals) = postSolution
		SolutionGuid = {BBFC6017-E64C-43FB-A5EB-A80AC6EFB09E}
	EndGlobalSection
EndGlobal
